
Microsoft Visual Studio Solution File, Format Version 12.00
# Visual Studio 15
VisualStudioVersion = 15.0.28307.2092
MinimumVisualStudioVersion = 10.0.40219.1
Project("{FAE04EC0-301F-11D3-BF4B-00C04F79EFBC}") = "Demo_MVC", "Demo_MVC\Demo_MVC.csproj", "{DA5210D2-C391-41DF-96F9-42581E0A0BA9}"
EndProject
Global
	GlobalSection(SolutionConfigurationPlatforms) = preSolution
		Debug|Any CPU = Debug|Any CPU
		Release|Any CPU = Release|Any CPU
	EndGlobalSection
	GlobalSection(ProjectConfigurationPlatforms) = postSolution
		{DA5210D2-C391-41DF-96F9-42581E0A0BA9}.Debug|Any CPU.ActiveCfg = Debug|Any CPU
		{DA5210D2-C391-41DF-96F9-42581E0A0BA9}.Debug|Any CPU.Build.0 = Debug|Any CPU
		{DA5210D2-C391-41DF-96F9-42581E0A0BA9}.Release|Any CPU.ActiveCfg = Release|Any CPU
		{DA5210D2-C391-41DF-96F9-42581E0A0BA9}.Release|Any CPU.Build.0 = Release|Any CPU
	EndGlobalSection
	GlobalSection(SolutionProperties) = preSolution
		HideSolutionNode = FALSE
	EndGlobalSection
	GlobalSection(ExtensibilityGlobals) = postSolution
		SolutionGuid = {8866526F-232A-41B5-A339-2732A8005F9E}
	EndGlobalSection
EndGlobal
